
Microsoft Visual Studio Solution File, Format Version 11.00
# Visual Studio 2010
Project("{FAE04EC0-301F-11D3-BF4B-00C04F79EFBC}") = "CotizadorAutomaticoOBCM", "CotizadorAutomaticoOBCM\CotizadorAutomaticoOBCM.csproj", "{0C6B2613-8498-4AEE-9390-E4556A7A9029}"
EndProject
Project("{FAE04EC0-301F-11D3-BF4B-00C04F79EFBC}") = "CotizadorAutomaticoOBCM_Data", "CotizadorAutomaticoOBCM_Data\CotizadorAutomaticoOBCM_Data.csproj", "{7EE79A09-475C-4EFB-A5EA-2BD7E34DBF42}"
EndProject
Global
	GlobalSection(SolutionConfigurationPlatforms) = preSolution
		Debug|Any CPU = Debug|Any CPU
		Release|Any CPU = Release|Any CPU
	EndGlobalSection
	GlobalSection(ProjectConfigurationPlatforms) = postSolution
		{0C6B2613-8498-4AEE-9390-E4556A7A9029}.Debug|Any CPU.ActiveCfg = Debug|Any CPU
		{0C6B2613-8498-4AEE-9390-E4556A7A9029}.Debug|Any CPU.Build.0 = Debug|Any CPU
		{0C6B2613-8498-4AEE-9390-E4556A7A9029}.Release|Any CPU.ActiveCfg = Release|Any CPU
		{0C6B2613-8498-4AEE-9390-E4556A7A9029}.Release|Any CPU.Build.0 = Release|Any CPU
		{7EE79A09-475C-4EFB-A5EA-2BD7E34DBF42}.Debug|Any CPU.ActiveCfg = Debug|Any CPU
		{7EE79A09-475C-4EFB-A5EA-2BD7E34DBF42}.Debug|Any CPU.Build.0 = Debug|Any CPU
		{7EE79A09-475C-4EFB-A5EA-2BD7E34DBF42}.Release|Any CPU.ActiveCfg = Release|Any CPU
		{7EE79A09-475C-4EFB-A5EA-2BD7E34DBF42}.Release|Any CPU.Build.0 = Release|Any CPU
	EndGlobalSection
	GlobalSection(SolutionProperties) = preSolution
		HideSolutionNode = FALSE
	EndGlobalSection
EndGlobal
